captured_at=2026-07-22T11:56:59+08:00

vllm.repository=https://github.com/vllm-project/vllm.git
vllm.ref=v0.22.1
vllm.commit=0decac0d96c42b49572498019f0a0e3600f50398
vllm.clone=shallow

vllm_ascend.repository=https://github.com/vllm-project/vllm-ascend.git
vllm_ascend.ref=v0.22.1rc1
vllm_ascend.commit=5f6faa0cb8830f667266f3b8121cd1383606f2a1
vllm_ascend.clone=shallow_with_recursive_submodules

docs.repository=https://github.com/vllm-project/vllm-ascend.git
docs.ref=main
docs.commit=44fc51ffb18dd05ca53c6509eae0058ba3c39333
docs.storage=upstream/vllm-ascend
docs.retrieval=fetch_commit_then_git_show
docs.glm5_path=docs/source/tutorials/models/GLM5.md
docs.glm5_2_path=docs/source/tutorials/models/GLM5.2.md

docker.a2=quay.io/ascend/vllm-ascend:v0.22.1rc1
